
Microsoft Visual Studio Solution File, Format Version 12.00
# Visual Studio Version 17
VisualStudioVersion = 17.3.32929.385
MinimumVisualStudioVersion = 10.0.40219.1
Project("{FAE04EC0-301F-11D3-BF4B-00C04F79EFBC}") = "PratikVKIApplication.Console.UI", "PratikVKIApplication.Console.UI\PratikVKIApplication.Console.UI.csproj", "{8493A0CF-4076-437C-AF85-CD8D9C703225}"
EndProject
Project("{FAE04EC0-301F-11D3-BF4B-00C04F79EFBC}") = "PratikVKIApplication.Business", "PratikVKIApplication.Business\PratikVKIApplication.Business.csproj", "{2A0EC883-BD4D-4BD2-87BE-6322C380B2C0}"
EndProject
Project("{FAE04EC0-301F-11D3-BF4B-00C04F79EFBC}") = "PratikVKIApplication.Data", "PratikVKIApplication.Data\PratikVKIApplication.Data.csproj", "{541912B7-0086-406F-90F1-194B6ADB6084}"
EndProject
Global
	GlobalSection(SolutionConfigurationPlatforms) = preSolution
		Debug|Any CPU = Debug|Any CPU
		Release|Any CPU = Release|Any CPU
	EndGlobalSection
	GlobalSection(ProjectConfigurationPlatforms) = postSolution
		{8493A0CF-4076-437C-AF85-CD8D9C703225}.Debug|Any CPU.ActiveCfg = Debug|Any CPU
		{8493A0CF-4076-437C-AF85-CD8D9C703225}.Debug|Any CPU.Build.0 = Debug|Any CPU
		{8493A0CF-4076-437C-AF85-CD8D9C703225}.Release|Any CPU.ActiveCfg = Release|Any CPU
		{8493A0CF-4076-437C-AF85-CD8D9C703225}.Release|Any CPU.Build.0 = Release|Any CPU
		{2A0EC883-BD4D-4BD2-87BE-6322C380B2C0}.Debug|Any CPU.ActiveCfg = Debug|Any CPU
		{2A0EC883-BD4D-4BD2-87BE-6322C380B2C0}.Debug|Any CPU.Build.0 = Debug|Any CPU
		{2A0EC883-BD4D-4BD2-87BE-6322C380B2C0}.Release|Any CPU.ActiveCfg = Release|Any CPU
		{2A0EC883-BD4D-4BD2-87BE-6322C380B2C0}.Release|Any CPU.Build.0 = Release|Any CPU
		{541912B7-0086-406F-90F1-194B6ADB6084}.Debug|Any CPU.ActiveCfg = Debug|Any CPU
		{541912B7-0086-406F-90F1-194B6ADB6084}.Debug|Any CPU.Build.0 = Debug|Any CPU
		{541912B7-0086-406F-90F1-194B6ADB6084}.Release|Any CPU.ActiveCfg = Release|Any CPU
		{541912B7-0086-406F-90F1-194B6ADB6084}.Release|Any CPU.Build.0 = Release|Any CPU
	EndGlobalSection
	GlobalSection(SolutionProperties) = preSolution
		HideSolutionNode = FALSE
	EndGlobalSection
	GlobalSection(ExtensibilityGlobals) = postSolution
		SolutionGuid = {57B4B244-086C-4321-8562-A4911E65876B}
	EndGlobalSection
EndGlobal
